
Microsoft Visual Studio Solution File, Format Version 12.00
# Visual Studio 15
Project("{FAE04EC0-301F-11D3-BF4B-00C04F79EFBC}") = "OdeToFood", "OdeToFood\OdeToFood.csproj", "{B0C0CB37-B93A-47F1-9679-DF5502F7EED8}"
EndProject
Project("{FAE04EC0-301F-11D3-BF4B-00C04F79EFBC}") = "OdeToFood.Core", "OdeToFood.Core\OdeToFood.Core.csproj", "{2A68F38D-6213-46FA-AD59-0F4F32D58D94}"
EndProject
Project("{FAE04EC0-301F-11D3-BF4B-00C04F79EFBC}") = "OdeToFood.Data", "OdeToFood.Data\OdeToFood.Data.csproj", "{9B37FF7E-4E4B-441C-9C74-E29514EDECC2}"
EndProject
Global
	GlobalSection(SolutionConfigurationPlatforms) = preSolution
		Debug|Any CPU = Debug|Any CPU
		Release|Any CPU = Release|Any CPU
	EndGlobalSection
	GlobalSection(ProjectConfigurationPlatforms) = postSolution
		{B0C0CB37-B93A-47F1-9679-DF5502F7EED8}.Debug|Any CPU.ActiveCfg = Debug|Any CPU
		{B0C0CB37-B93A-47F1-9679-DF5502F7EED8}.Debug|Any CPU.Build.0 = Debug|Any CPU
		{B0C0CB37-B93A-47F1-9679-DF5502F7EED8}.Release|Any CPU.ActiveCfg = Release|Any CPU
		{B0C0CB37-B93A-47F1-9679-DF5502F7EED8}.Release|Any CPU.Build.0 = Release|Any CPU
		{2A68F38D-6213-46FA-AD59-0F4F32D58D94}.Debug|Any CPU.ActiveCfg = Debug|Any CPU
		{2A68F38D-6213-46FA-AD59-0F4F32D58D94}.Debug|Any CPU.Build.0 = Debug|Any CPU
		{2A68F38D-6213-46FA-AD59-0F4F32D58D94}.Release|Any CPU.ActiveCfg = Release|Any CPU
		{2A68F38D-6213-46FA-AD59-0F4F32D58D94}.Release|Any CPU.Build.0 = Release|Any CPU
		{9B37FF7E-4E4B-441C-9C74-E29514EDECC2}.Debug|Any CPU.ActiveCfg = Debug|Any CPU
		{9B37FF7E-4E4B-441C-9C74-E29514EDECC2}.Debug|Any CPU.Build.0 = Debug|Any CPU
		{9B37FF7E-4E4B-441C-9C74-E29514EDECC2}.Release|Any CPU.ActiveCfg = Release|Any CPU
		{9B37FF7E-4E4B-441C-9C74-E29514EDECC2}.Release|Any CPU.Build.0 = Release|Any CPU
	EndGlobalSection
EndGlobal
